
Microsoft Visual Studio Solution File, Format Version 12.00
# Blend for Visual Studio 14
VisualStudioVersion = 14.0.23107.0
MinimumVisualStudioVersion = 10.0.40219.1
Project("{8BC9CEB8-8B4A-11D0-8D11-00A0C91BC942}") = "libsscrypto", "libsscrypto\libsscrypto.vcxproj", "{827C6D45-7F84-44A5-BF15-A5CD7ED79A9C}"
	ProjectSection(ProjectDependencies) = postProject
		{46CF2D25-6A36-4189-B59C-E4815388E554} = {46CF2D25-6A36-4189-B59C-E4815388E554}
		{A185B162-6CB6-4502-B03F-B56F7699A8D9} = {A185B162-6CB6-4502-B03F-B56F7699A8D9}
	EndProjectSection
EndProject
Project("{8BC9CEB8-8B4A-11D0-8D11-00A0C91BC942}") = "libsodium", "libsodium\builds\msvc\vs2015\libsodium\libsodium.vcxproj", "{A185B162-6CB6-4502-B03F-B56F7699A8D9}"
EndProject
Project("{8BC9CEB8-8B4A-11D0-8D11-00A0C91BC942}") = "mbedTLS", "mbedtls\visualc\VS2010\mbedTLS.vcxproj", "{46CF2D25-6A36-4189-B59C-E4815388E554}"
EndProject
Global
	GlobalSection(SolutionConfigurationPlatforms) = preSolution
		Debug|x64 = Debug|x64
		Debug|x86 = Debug|x86
		DebugDLL|x64 = DebugDLL|x64
		DebugDLL|x86 = DebugDLL|x86
		DebugLIB|x64 = DebugLIB|x64
		DebugLIB|x86 = DebugLIB|x86
		DebugLTCG|x64 = DebugLTCG|x64
		DebugLTCG|x86 = DebugLTCG|x86
		Release|x64 = Release|x64
		Release|x86 = Release|x86
		ReleaseDLL|x64 = ReleaseDLL|x64
		ReleaseDLL|x86 = ReleaseDLL|x86
		ReleaseLIB|x64 = ReleaseLIB|x64
		ReleaseLIB|x86 = ReleaseLIB|x86
		ReleaseLTCG|x64 = ReleaseLTCG|x64
		ReleaseLTCG|x86 = ReleaseLTCG|x86
	EndGlobalSection
	GlobalSection(ProjectConfigurationPlatforms) = postSolution
		{827C6D45-7F84-44A5-BF15-A5CD7ED79A9C}.Debug|x64.ActiveCfg = Debug|x64
		{827C6D45-7F84-44A5-BF15-A5CD7ED79A9C}.Debug|x64.Build.0 = Debug|x64
		{827C6D45-7F84-44A5-BF15-A5CD7ED79A9C}.Debug|x86.ActiveCfg = Debug|Win32
		{827C6D45-7F84-44A5-BF15-A5CD7ED79A9C}.Debug|x86.Build.0 = Debug|Win32
		{827C6D45-7F84-44A5-BF15-A5CD7ED79A9C}.DebugDLL|x64.ActiveCfg = Debug|x64
		{827C6D45-7F84-44A5-BF15-A5CD7ED79A9C}.DebugDLL|x64.Build.0 = Debug|x64
		{827C6D45-7F84-44A5-BF15-A5CD7ED79A9C}.DebugDLL|x86.ActiveCfg = Debug|Win32
		{827C6D45-7F84-44A5-BF15-A5CD7ED79A9C}.DebugDLL|x86.Build.0 = Debug|Win32
		{827C6D45-7F84-44A5-BF15-A5CD7ED79A9C}.DebugLIB|x64.ActiveCfg = Debug|x64
		{827C6D45-7F84-44A5-BF15-A5CD7ED79A9C}.DebugLIB|x64.Build.0 = Debug|x64
		{827C6D45-7F84-44A5-BF15-A5CD7ED79A9C}.DebugLIB|x86.ActiveCfg = Debug|Win32
		{827C6D45-7F84-44A5-BF15-A5CD7ED79A9C}.DebugLIB|x86.Build.0 = Debug|Win32
		{827C6D45-7F84-44A5-BF15-A5CD7ED79A9C}.DebugLTCG|x64.ActiveCfg = Debug|x64
		{827C6D45-7F84-44A5-BF15-A5CD7ED79A9C}.DebugLTCG|x64.Build.0 = Debug|x64
		{827C6D45-7F84-44A5-BF15-A5CD7ED79A9C}.DebugLTCG|x86.ActiveCfg = Debug|Win32
		{827C6D45-7F84-44A5-BF15-A5CD7ED79A9C}.DebugLTCG|x86.Build.0 = Debug|Win32
		{827C6D45-7F84-44A5-BF15-A5CD7ED79A9C}.Release|x64.ActiveCfg = Release|Win32
		{827C6D45-7F84-44A5-BF15-A5CD7ED79A9C}.Release|x64.Build.0 = Release|Win32
		{827C6D45-7F84-44A5-BF15-A5CD7ED79A9C}.Release|x86.ActiveCfg = Release|Win32
		{827C6D45-7F84-44A5-BF15-A5CD7ED79A9C}.Release|x86.Build.0 = Release|Win32
		{827C6D45-7F84-44A5-BF15-A5CD7ED79A9C}.ReleaseDLL|x64.ActiveCfg = Release|x64
		{827C6D45-7F84-44A5-BF15-A5CD7ED79A9C}.ReleaseDLL|x64.Build.0 = Release|x64
		{827C6D45-7F84-44A5-BF15-A5CD7ED79A9C}.ReleaseDLL|x86.ActiveCfg = Release|Win32
		{827C6D45-7F84-44A5-BF15-A5CD7ED79A9C}.ReleaseDLL|x86.Build.0 = Release|Win32
		{827C6D45-7F84-44A5-BF15-A5CD7ED79A9C}.ReleaseLIB|x64.ActiveCfg = Release|x64
		{827C6D45-7F84-44A5-BF15-A5CD7ED79A9C}.ReleaseLIB|x64.Build.0 = Release|x64
		{827C6D45-7F84-44A5-BF15-A5CD7ED79A9C}.ReleaseLIB|x86.ActiveCfg = Release|Win32
		{827C6D45-7F84-44A5-BF15-A5CD7ED79A9C}.ReleaseLIB|x86.Build.0 = Release|Win32
		{827C6D45-7F84-44A5-BF15-A5CD7ED79A9C}.ReleaseLTCG|x64.ActiveCfg = Release|x64
		{827C6D45-7F84-44A5-BF15-A5CD7ED79A9C}.ReleaseLTCG|x64.Build.0 = Release|x64
		{827C6D45-7F84-44A5-BF15-A5CD7ED79A9C}.ReleaseLTCG|x86.ActiveCfg = Release|Win32
		{827C6D45-7F84-44A5-BF15-A5CD7ED79A9C}.ReleaseLTCG|x86.Build.0 = Release|Win32
		{A185B162-6CB6-4502-B03F-B56F7699A8D9}.Debug|x64.ActiveCfg = DebugLIB|x64
		{A185B162-6CB6-4502-B03F-B56F7699A8D9}.Debug|x64.Build.0 = DebugLIB|x64
		{A185B162-6CB6-4502-B03F-B56F7699A8D9}.Debug|x86.ActiveCfg = DebugLIB|Win32
		{A185B162-6CB6-4502-B03F-B56F7699A8D9}.Debug|x86.Build.0 = DebugLIB|Win32
		{A185B162-6CB6-4502-B03F-B56F7699A8D9}.DebugDLL|x64.ActiveCfg = DebugDLL|x64
		{A185B162-6CB6-4502-B03F-B56F7699A8D9}.DebugDLL|x64.Build.0 = DebugDLL|x64
		{A185B162-6CB6-4502-B03F-B56F7699A8D9}.DebugDLL|x86.ActiveCfg = DebugDLL|Win32
		{A185B162-6CB6-4502-B03F-B56F7699A8D9}.DebugDLL|x86.Build.0 = DebugDLL|Win32
		{A185B162-6CB6-4502-B03F-B56F7699A8D9}.DebugLIB|x64.ActiveCfg = DebugLIB|x64
		{A185B162-6CB6-4502-B03F-B56F7699A8D9}.DebugLIB|x64.Build.0 = DebugLIB|x64
		{A185B162-6CB6-4502-B03F-B56F7699A8D9}.DebugLIB|x86.ActiveCfg = DebugLIB|Win32
		{A185B162-6CB6-4502-B03F-B56F7699A8D9}.DebugLIB|x86.Build.0 = DebugLIB|Win32
		{A185B162-6CB6-4502-B03F-B56F7699A8D9}.DebugLTCG|x64.ActiveCfg = DebugLTCG|x64
		{A185B162-6CB6-4502-B03F-B56F7699A8D9}.DebugLTCG|x64.Build.0 = DebugLTCG|x64
		{A185B162-6CB6-4502-B03F-B56F7699A8D9}.DebugLTCG|x86.ActiveCfg = DebugLTCG|Win32
		{A185B162-6CB6-4502-B03F-B56F7699A8D9}.DebugLTCG|x86.Build.0 = DebugLTCG|Win32
		{A185B162-6CB6-4502-B03F-B56F7699A8D9}.Release|x64.ActiveCfg = ReleaseLIB|Win32
		{A185B162-6CB6-4502-B03F-B56F7699A8D9}.Release|x64.Build.0 = ReleaseLIB|Win32
		{A185B162-6CB6-4502-B03F-B56F7699A8D9}.Release|x86.ActiveCfg = ReleaseLIB|Win32
		{A185B162-6CB6-4502-B03F-B56F7699A8D9}.Release|x86.Build.0 = ReleaseLIB|Win32
		{A185B162-6CB6-4502-B03F-B56F7699A8D9}.ReleaseDLL|x64.ActiveCfg = ReleaseDLL|x64
		{A185B162-6CB6-4502-B03F-B56F7699A8D9}.ReleaseDLL|x64.Build.0 = ReleaseDLL|x64
		{A185B162-6CB6-4502-B03F-B56F7699A8D9}.ReleaseDLL|x86.ActiveCfg = ReleaseDLL|Win32
		{A185B162-6CB6-4502-B03F-B56F7699A8D9}.ReleaseDLL|x86.Build.0 = ReleaseDLL|Win32
		{A185B162-6CB6-4502-B03F-B56F7699A8D9}.ReleaseLIB|x64.ActiveCfg = ReleaseLIB|x64
		{A185B162-6CB6-4502-B03F-B56F7699A8D9}.ReleaseLIB|x64.Build.0 = ReleaseLIB|x64
		{A185B162-6CB6-4502-B03F-B56F7699A8D9}.ReleaseLIB|x86.ActiveCfg = ReleaseLIB|Win32
		{A185B162-6CB6-4502-B03F-B56F7699A8D9}.ReleaseLIB|x86.Build.0 = ReleaseLIB|Win32
		{A185B162-6CB6-4502-B03F-B56F7699A8D9}.ReleaseLTCG|x64.ActiveCfg = ReleaseLTCG|x64
		{A185B162-6CB6-4502-B03F-B56F7699A8D9}.ReleaseLTCG|x64.Build.0 = ReleaseLTCG|x64
		{A185B162-6CB6-4502-B03F-B56F7699A8D9}.ReleaseLTCG|x86.ActiveCfg = ReleaseLTCG|Win32
		{A185B162-6CB6-4502-B03F-B56F7699A8D9}.ReleaseLTCG|x86.Build.0 = ReleaseLTCG|Win32
		{46CF2D25-6A36-4189-B59C-E4815388E554}.Debug|x64.ActiveCfg = Debug|x64
		{46CF2D25-6A36-4189-B59C-E4815388E554}.Debug|x64.Build.0 = Debug|x64
		{46CF2D25-6A36-4189-B59C-E4815388E554}.Debug|x86.ActiveCfg = Debug|Win32
		{46CF2D25-6A36-4189-B59C-E4815388E554}.Debug|x86.Build.0 = Debug|Win32
		{46CF2D25-6A36-4189-B59C-E4815388E554}.DebugDLL|x64.ActiveCfg = Debug|x64
		{46CF2D25-6A36-4189-B59C-E4815388E554}.DebugDLL|x64.Build.0 = Debug|x64
		{46CF2D25-6A36-4189-B59C-E4815388E554}.DebugDLL|x86.ActiveCfg = Debug|Win32
		{46CF2D25-6A36-4189-B59C-E4815388E554}.DebugDLL|x86.Build.0 = Debug|Win32
		{46CF2D25-6A36-4189-B59C-E4815388E554}.DebugLIB|x64.ActiveCfg = Debug|x64
		{46CF2D25-6A36-4189-B59C-E4815388E554}.DebugLIB|x64.Build.0 = Debug|x64
		{46CF2D25-6A36-4189-B59C-E4815388E554}.DebugLIB|x86.ActiveCfg = Debug|Win32
		{46CF2D25-6A36-4189-B59C-E4815388E554}.DebugLIB|x86.Build.0 = Debug|Win32
		{46CF2D25-6A36-4189-B59C-E4815388E554}.DebugLTCG|x64.ActiveCfg = Debug|x64
		{46CF2D25-6A36-4189-B59C-E4815388E554}.DebugLTCG|x64.Build.0 = Debug|x64
		{46CF2D25-6A36-4189-B59C-E4815388E554}.DebugLTCG|x86.ActiveCfg = Debug|Win32
		{46CF2D25-6A36-4189-B59C-E4815388E554}.DebugLTCG|x86.Build.0 = Debug|Win32
		{46CF2D25-6A36-4189-B59C-E4815388E554}.Release|x64.ActiveCfg = Release|Win32
		{46CF2D25-6A36-4189-B59C-E4815388E554}.Release|x64.Build.0 = Release|Win32
		{46CF2D25-6A36-4189-B59C-E4815388E554}.Release|x86.ActiveCfg = Release|Win32
		{46CF2D25-6A36-4189-B59C-E4815388E554}.Release|x86.Build.0 = Release|Win32
		{46CF2D25-6A36-4189-B59C-E4815388E554}.ReleaseDLL|x64.ActiveCfg = Release|x64
		{46CF2D25-6A36-4189-B59C-E4815388E554}.ReleaseDLL|x64.Build.0 = Release|x64
		{46CF2D25-6A36-4189-B59C-E4815388E554}.ReleaseDLL|x86.ActiveCfg = Release|Win32
		{46CF2D25-6A36-4189-B59C-E4815388E554}.ReleaseDLL|x86.Build.0 = Release|Win32
		{46CF2D25-6A36-4189-B59C-E4815388E554}.ReleaseLIB|x64.ActiveCfg = Release|x64
		{46CF2D25-6A36-4189-B59C-E4815388E554}.ReleaseLIB|x64.Build.0 = Release|x64
		{46CF2D25-6A36-4189-B59C-E4815388E554}.ReleaseLIB|x86.ActiveCfg = Release|Win32
		{46CF2D25-6A36-4189-B59C-E4815388E554}.ReleaseLIB|x86.Build.0 = Release|Win32
		{46CF2D25-6A36-4189-B59C-E4815388E554}.ReleaseLTCG|x64.ActiveCfg = Release|x64
		{46CF2D25-6A36-4189-B59C-E4815388E554}.ReleaseLTCG|x64.Build.0 = Release|x64
		{46CF2D25-6A36-4189-B59C-E4815388E554}.ReleaseLTCG|x86.ActiveCfg = Release|Win32
		{46CF2D25-6A36-4189-B59C-E4815388E554}.ReleaseLTCG|x86.Build.0 = Release|Win32
	EndGlobalSection
	GlobalSection(SolutionProperties) = preSolution
		HideSolutionNode = FALSE
	EndGlobalSection
EndGlobal
